schema: qdl.v2.external-consumer-route-lock.v1
consumer_id: trading-system.paper.stable
service: market_data
repository: BobbyAxerol/ExecutorBroker
route_manifest:
  path: config/_config/data_layer_v2_routes.yaml
  schema: trading-system.data-layer-v2-routes.v1
  revision: 2
  sha256: b4376881b71853fc514ed70198cb52040aa0af3a8ad3f283bbab6fa2a2900e9f
  identities:
    - venue: BINANCE
      market: USDM
      product: PERPETUAL
      native_symbol: BTCUSDT
      feed: TRADE
      interval: null
      fallback: V1
    - venue: BINANCE
      market: USDM
      product: PERPETUAL
      native_symbol: BTCUSDT
      feed: BAR
      interval: 1m
      fallback: V1
    - venue: BINANCE
      market: USDM
      product: PERPETUAL
      native_symbol: ETHUSDT
      feed: TRADE
      interval: null
      fallback: V1
    - venue: BINANCE
      market: USDM
      product: PERPETUAL
      native_symbol: ETHUSDT
      feed: BAR
      interval: 1m
      fallback: V1
    - venue: OKX
      market: SWAP
      product: PERPETUAL
      native_symbol: BTC-USDT-SWAP
      feed: TRADE
      interval: null
      fallback: BLOCK
    - venue: OKX
      market: SWAP
      product: PERPETUAL
      native_symbol: BTC-USDT-SWAP
      feed: BAR
      interval: 1m
      fallback: BLOCK
    - venue: OKX
      market: SWAP
      product: PERPETUAL
      native_symbol: ETH-USDT-SWAP
      feed: TRADE
      interval: null
      fallback: BLOCK
    - venue: OKX
      market: SWAP
      product: PERPETUAL
      native_symbol: ETH-USDT-SWAP
      feed: BAR
      interval: 1m
      fallback: BLOCK
compose_override:
  path: docker-compose.data-layer-v2-primary.yml
  sha256: c7f19b98f8c987042ba681da4f089169e3c5db5c75a1ba00aa23a44dd59c7aea
  binance_symbols:
    - BTCUSDT
    - ETHUSDT
  okx_symbols:
    - BTC-USDT-SWAP
    - ETH-USDT-SWAP
